// !$*UTF8*$!
{
	archiveVersion = 1;
	classes = {
	};
	objectVersion = 48;
	objects = {

/* Begin PBXBuildFile section */
		271BED722746B0E19798A40D /* Pods_GraffitAR.framework in Frameworks */ = {isa = PBXBuildFile; fileRef = 3685F44DD18DED714FC10037 /* Pods_GraffitAR.framework */; };
		A16A1B0C1F6CE443005BAE58 /* AppDelegate.swift in Sources */ = {isa = PBXBuildFile; fileRef = A16A1B0B1F6CE443005BAE58 /* AppDelegate.swift */; };
		A16A1B0E1F6CE443005BAE58 /* art.scnassets in Resources */ = {isa = PBXBuildFile; fileRef = A16A1B0D1F6CE443005BAE58 /* art.scnassets */; };
		A16A1B101F6CE443005BAE58 /* ARCanvasViewController.swift in Sources */ = {isa = PBXBuildFile; fileRef = A16A1B0F1F6CE443005BAE58 /* ARCanvasViewController.swift */; };
		A16A1B131F6CE443005BAE58 /* Main.storyboard in Resources */ = {isa = PBXBuildFile; fileRef = A16A1B111F6CE443005BAE58 /* Main.storyboard */; };
		A16A1B151F6CE443005BAE58 /* Assets.xcassets in Resources */ = {isa = PBXBuildFile; fileRef = A16A1B141F6CE443005BAE58 /* Assets.xcassets */; };
		A16A1B181F6CE443005BAE58 /* LaunchScreen.storyboard in Resources */ = {isa = PBXBuildFile; fileRef = A16A1B161F6CE443005BAE58 /* LaunchScreen.storyboard */; };
		A1A4DEB81F6CE7800074C7EC /* OnboardingViewController.swift in Sources */ = {isa = PBXBuildFile; fileRef = A1A4DEB71F6CE7800074C7EC /* OnboardingViewController.swift */; };
		A1A4DEBA1F6CE8FE0074C7EC /* GalleryCollectionViewController.swift in Sources */ = {isa = PBXBuildFile; fileRef = A1A4DEB91F6CE8FE0074C7EC /* GalleryCollectionViewController.swift */; };
		A1B900611F6DA400005E04A7 /* SCNVector3++.swift in Sources */ = {isa = PBXBuildFile; fileRef = A1B900601F6DA400005E04A7 /* SCNVector3++.swift */; };
		A1B900661F6DAAC7005E04A7 /* OpenGLES.framework in Frameworks */ = {isa = PBXBuildFile; fileRef = A1B900651F6DAAC7005E04A7 /* OpenGLES.framework */; };
		A1B9006A1F6DCAB1005E04A7 /* BufferProvider.swift in Sources */ = {isa = PBXBuildFile; fileRef = A1B900691F6DCAB1005E04A7 /* BufferProvider.swift */; };
		A1B9006C1F6DCAC8005E04A7 /* Brush.swift in Sources */ = {isa = PBXBuildFile; fileRef = A1B9006B1F6DCAC8005E04A7 /* Brush.swift */; };
		A1B9006E1F6DCADA005E04A7 /* float4x4++.swift in Sources */ = {isa = PBXBuildFile; fileRef = A1B9006D1F6DCADA005E04A7 /* float4x4++.swift */; };
		A1B900701F6DCB30005E04A7 /* Shaders.metal in Sources */ = {isa = PBXBuildFile; fileRef = A1B9006F1F6DCB30005E04A7 /* Shaders.metal */; };
		A1B900731F6DD0E1005E04A7 /* Vertex.swift in Sources */ = {isa = PBXBuildFile; fileRef = A1B900721F6DD0E1005E04A7 /* Vertex.swift */; };
		A1B900751F6DD209005E04A7 /* Light.swift in Sources */ = {isa = PBXBuildFile; fileRef = A1B900741F6DD209005E04A7 /* Light.swift */; };
		A1CB9ECB1F6D64B7003AB27B /* GalleryItemCell.swift in Sources */ = {isa = PBXBuildFile; fileRef = A1CB9EC91F6D64B7003AB27B /* GalleryItemCell.swift */; };
		A1CB9ECC1F6D64B7003AB27B /* GalleryItemCell.xib in Resources */ = {isa = PBXBuildFile; fileRef = A1CB9ECA1F6D64B7003AB27B /* GalleryItemCell.xib */; };
		A1CB9ECF1F6D65C5003AB27B /* Reusable.swift in Sources */ = {isa = PBXBuildFile; fileRef = A1CB9ECE1F6D65C5003AB27B /* Reusable.swift */; };
		A1CB9ED11F6D6660003AB27B /* Graffiti.swift in Sources */ = {isa = PBXBuildFile; fileRef = A1CB9ED01F6D6660003AB27B /* Graffiti.swift */; };
		A1CB9ED91F6D670A003AB27B /* User.swift in Sources */ = {isa = PBXBuildFile; fileRef = A1CB9ED81F6D670A003AB27B /* User.swift */; };
		A1CB9EDB1F6D6BA0003AB27B /* MyDrawingsCollectionViewController.swift in Sources */ = {isa = PBXBuildFile; fileRef = A1CB9EDA1F6D6BA0003AB27B /* MyDrawingsCollectionViewController.swift */; };
		A1CB9EDD1F6D6E73003AB27B /* DataController.swift in Sources */ = {isa = PBXBuildFile; fileRef = A1CB9EDC1F6D6E73003AB27B /* DataController.swift */; };
		A1ECBC3F1F6CF03200C5C398 /* GoogleService-Info.plist in Resources */ = {isa = PBXBuildFile; fileRef = A1ECBC3E1F6CF02B00C5C398 /* GoogleService-Info.plist */; };
		A1ECBC411F6D60A100C5C398 /* SettingsViewController.swift in Sources */ = {isa = PBXBuildFile; fileRef = A1ECBC401F6D60A100C5C398 /* SettingsViewController.swift */; };
/* End PBXBuildFile section */

/* Begin PBXFileReference section */
		3685F44DD18DED714FC10037 /* Pods_GraffitAR.framework */ = {isa = PBXFileReference; explicitFileType = wrapper.framework; includeInIndex = 0; path = Pods_GraffitAR.framework; sourceTree = BUILT_PRODUCTS_DIR; };
		4238DCF320D5A9794575DBC5 /* Pods-GraffitAR.release.xcconfig */ = {isa = PBXFileReference; includeInIndex = 1; lastKnownFileType = text.xcconfig; name = "Pods-GraffitAR.release.xcconfig"; path = "Pods/Target Support Files/Pods-GraffitAR/Pods-GraffitAR.release.xcconfig"; sourceTree = "<group>"; };
		A16A1B081F6CE443005BAE58 /* GraffitAR.app */ = {isa = PBXFileReference; explicitFileType = wrapper.application; includeInIndex = 0; path = GraffitAR.app; sourceTree = BUILT_PRODUCTS_DIR; };
		A16A1B0B1F6CE443005BAE58 /* AppDelegate.swift */ = {isa = PBXFileReference; lastKnownFileType = sourcecode.swift; path = AppDelegate.swift; sourceTree = "<group>"; };
		A16A1B0D1F6CE443005BAE58 /* art.scnassets */ = {isa = PBXFileReference; lastKnownFileType = wrapper.scnassets; path = art.scnassets; sourceTree = "<group>"; };
		A16A1B0F1F6CE443005BAE58 /* ARCanvasViewController.swift */ = {isa = PBXFileReference; lastKnownFileType = sourcecode.swift; path = ARCanvasViewController.swift; sourceTree = "<group>"; };
		A16A1B121F6CE443005BAE58 /* Base */ = {isa = PBXFileReference; lastKnownFileType = file.storyboard; name = Base; path = Base.lproj/Main.storyboard; sourceTree = "<group>"; };
		A16A1B141F6CE443005BAE58 /* Assets.xcassets */ = {isa = PBXFileReference; lastKnownFileType = folder.assetcatalog; path = Assets.xcassets; sourceTree = "<group>"; };
		A16A1B171F6CE443005BAE58 /* Base */ = {isa = PBXFileReference; lastKnownFileType = file.storyboard; name = Base; path = Base.lproj/LaunchScreen.storyboard; sourceTree = "<group>"; };
		A16A1B191F6CE443005BAE58 /* Info.plist */ = {isa = PBXFileReference; lastKnownFileType = text.plist.xml; path = Info.plist; sourceTree = "<group>"; };
		A1A4DEB71F6CE7800074C7EC /* OnboardingViewController.swift */ = {isa = PBXFileReference; lastKnownFileType = sourcecode.swift; path = OnboardingViewController.swift; sourceTree = "<group>"; };
		A1A4DEB91F6CE8FE0074C7EC /* GalleryCollectionViewController.swift */ = {isa = PBXFileReference; lastKnownFileType = sourcecode.swift; path = GalleryCollectionViewController.swift; sourceTree = "<group>"; };
		A1B900601F6DA400005E04A7 /* SCNVector3++.swift */ = {isa = PBXFileReference; lastKnownFileType = sourcecode.swift; path = "SCNVector3++.swift"; sourceTree = "<group>"; };
		A1B900651F6DAAC7005E04A7 /* OpenGLES.framework */ = {isa = PBXFileReference; lastKnownFileType = wrapper.framework; name = OpenGLES.framework; path = System/Library/Frameworks/OpenGLES.framework; sourceTree = SDKROOT; };
		A1B900691F6DCAB1005E04A7 /* BufferProvider.swift */ = {isa = PBXFileReference; lastKnownFileType = sourcecode.swift; path = BufferProvider.swift; sourceTree = "<group>"; };
		A1B9006B1F6DCAC8005E04A7 /* Brush.swift */ = {isa = PBXFileReference; lastKnownFileType = sourcecode.swift; path = Brush.swift; sourceTree = "<group>"; };
		A1B9006D1F6DCADA005E04A7 /* float4x4++.swift */ = {isa = PBXFileReference; lastKnownFileType = sourcecode.swift; path = "float4x4++.swift"; sourceTree = "<group>"; };
		A1B9006F1F6DCB30005E04A7 /* Shaders.metal */ = {isa = PBXFileReference; lastKnownFileType = sourcecode.metal; path = Shaders.metal; sourceTree = "<group>"; };
		A1B900721F6DD0E1005E04A7 /* Vertex.swift */ = {isa = PBXFileReference; lastKnownFileType = sourcecode.swift; path = Vertex.swift; sourceTree = "<group>"; };
		A1B900741F6DD209005E04A7 /* Light.swift */ = {isa = PBXFileReference; lastKnownFileType = sourcecode.swift; path = Light.swift; sourceTree = "<group>"; };
		A1CB9EC91F6D64B7003AB27B /* GalleryItemCell.swift */ = {isa = PBXFileReference; lastKnownFileType = sourcecode.swift; path = GalleryItemCell.swift; sourceTree = "<group>"; };
		A1CB9ECA1F6D64B7003AB27B /* GalleryItemCell.xib */ = {isa = PBXFileReference; lastKnownFileType = file.xib; path = GalleryItemCell.xib; sourceTree = "<group>"; };
		A1CB9ECE1F6D65C5003AB27B /* Reusable.swift */ = {isa = PBXFileReference; lastKnownFileType = sourcecode.swift; path = Reusable.swift; sourceTree = "<group>"; };
		A1CB9ED01F6D6660003AB27B /* Graffiti.swift */ = {isa = PBXFileReference; lastKnownFileType = sourcecode.swift; path = Graffiti.swift; sourceTree = "<group>"; };
		A1CB9ED81F6D670A003AB27B /* User.swift */ = {isa = PBXFileReference; lastKnownFileType = sourcecode.swift; path = User.swift; sourceTree = "<group>"; };
		A1CB9EDA1F6D6BA0003AB27B /* MyDrawingsCollectionViewController.swift */ = {isa = PBXFileReference; lastKnownFileType = sourcecode.swift; path = MyDrawingsCollectionViewController.swift; sourceTree = "<group>"; };
		A1CB9EDC1F6D6E73003AB27B /* DataController.swift */ = {isa = PBXFileReference; lastKnownFileType = sourcecode.swift; path = DataController.swift; sourceTree = "<group>"; };
		A1ECBC3E1F6CF02B00C5C398 /* GoogleService-Info.plist */ = {isa = PBXFileReference; lastKnownFileType = text.plist.xml; path = "GoogleService-Info.plist"; sourceTree = "<group>"; };
		A1ECBC401F6D60A100C5C398 /* SettingsViewController.swift */ = {isa = PBXFileReference; lastKnownFileType = sourcecode.swift; path = SettingsViewController.swift; sourceTree = "<group>"; };
		CB381A6E6040ED53C6689563 /* Pods-GraffitAR.debug.xcconfig */ = {isa = PBXFileReference; includeInIndex = 1; lastKnownFileType = text.xcconfig; name = "Pods-GraffitAR.debug.xcconfig"; path = "Pods/Target Support Files/Pods-GraffitAR/Pods-GraffitAR.debug.xcconfig"; sourceTree = "<group>"; };
/* End PBXFileReference section */

/* Begin PBXFrameworksBuildPhase section */
		A16A1B051F6CE443005BAE58 /* Frameworks */ = {
			isa = PBXFrameworksBuildPhase;
			buildActionMask = 2147483647;
			files = (
				A1B900661F6DAAC7005E04A7 /* OpenGLES.framework in Frameworks */,
				271BED722746B0E19798A40D /* Pods_GraffitAR.framework in Frameworks */,
			);
			runOnlyForDeploymentPostprocessing = 0;
		};
/* End PBXFrameworksBuildPhase section */

/* Begin PBXGroup section */
		341D0DAE69C3854FCEED2181 /* Pods */ = {
			isa = PBXGroup;
			children = (
				CB381A6E6040ED53C6689563 /* Pods-GraffitAR.debug.xcconfig */,
				4238DCF320D5A9794575DBC5 /* Pods-GraffitAR.release.xcconfig */,
			);
			name = Pods;
			sourceTree = "<group>";
		};
		3E728E9687759646E5C354BC /* Frameworks */ = {
			isa = PBXGroup;
			children = (
				A1B900651F6DAAC7005E04A7 /* OpenGLES.framework */,
				3685F44DD18DED714FC10037 /* Pods_GraffitAR.framework */,
			);
			name = Frameworks;
			sourceTree = "<group>";
		};
		A16A1AFF1F6CE443005BAE58 = {
			isa = PBXGroup;
			children = (
				A16A1B0A1F6CE443005BAE58 /* GraffitAR */,
				A16A1B091F6CE443005BAE58 /* Products */,
				341D0DAE69C3854FCEED2181 /* Pods */,
				3E728E9687759646E5C354BC /* Frameworks */,
			);
			sourceTree = "<group>";
		};
		A16A1B091F6CE443005BAE58 /* Products */ = {
			isa = PBXGroup;
			children = (
				A16A1B081F6CE443005BAE58 /* GraffitAR.app */,
			);
			name = Products;
			sourceTree = "<group>";
		};
		A16A1B0A1F6CE443005BAE58 /* GraffitAR */ = {
			isa = PBXGroup;
			children = (
				A16A1B0B1F6CE443005BAE58 /* AppDelegate.swift */,
				A1CB9ED21F6D6663003AB27B /* Model */,
				A1CB9EDE1F6D6E76003AB27B /* Controller */,
				A1CB9ED51F6D6679003AB27B /* Views */,
				A1CB9ED61F6D6680003AB27B /* ViewControllers */,
				A1CB9ED41F6D666F003AB27B /* Extensions */,
				A1A4DEB61F6CE4620074C7EC /* Supporting Files */,
			);
			path = GraffitAR;
			sourceTree = "<group>";
		};
		A1A4DEB61F6CE4620074C7EC /* Supporting Files */ = {
			isa = PBXGroup;
			children = (
				A16A1B0D1F6CE443005BAE58 /* art.scnassets */,
				A16A1B141F6CE443005BAE58 /* Assets.xcassets */,
				A16A1B161F6CE443005BAE58 /* LaunchScreen.storyboard */,
				A16A1B191F6CE443005BAE58 /* Info.plist */,
				A1ECBC3E1F6CF02B00C5C398 /* GoogleService-Info.plist */,
			);
			name = "Supporting Files";
			sourceTree = "<group>";
		};
		A1B900711F6DCB77005E04A7 /* Graffiti Shaders */ = {
			isa = PBXGroup;
			children = (
				A1B900721F6DD0E1005E04A7 /* Vertex.swift */,
				A1B9006F1F6DCB30005E04A7 /* Shaders.metal */,
				A1B900691F6DCAB1005E04A7 /* BufferProvider.swift */,
				A1B900741F6DD209005E04A7 /* Light.swift */,
				A1B9006B1F6DCAC8005E04A7 /* Brush.swift */,
			);
			path = "Graffiti Shaders";
			sourceTree = "<group>";
		};
		A1CB9ECD1F6D64BD003AB27B /* GalleryItemCell */ = {
			isa = PBXGroup;
			children = (
				A1CB9EC91F6D64B7003AB27B /* GalleryItemCell.swift */,
				A1CB9ECA1F6D64B7003AB27B /* GalleryItemCell.xib */,
			);
			path = GalleryItemCell;
			sourceTree = "<group>";
		};
		A1CB9ED21F6D6663003AB27B /* Model */ = {
			isa = PBXGroup;
			children = (
				A1B900711F6DCB77005E04A7 /* Graffiti Shaders */,
				A1CB9ED01F6D6660003AB27B /* Graffiti.swift */,
				A1CB9ED81F6D670A003AB27B /* User.swift */,
			);
			path = Model;
			sourceTree = "<group>";
		};
		A1CB9ED41F6D666F003AB27B /* Extensions */ = {
			isa = PBXGroup;
			children = (
				A1B9006D1F6DCADA005E04A7 /* float4x4++.swift */,
				A1CB9ECE1F6D65C5003AB27B /* Reusable.swift */,
				A1B900601F6DA400005E04A7 /* SCNVector3++.swift */,
			);
			path = Extensions;
			sourceTree = "<group>";
		};
		A1CB9ED51F6D6679003AB27B /* Views */ = {
			isa = PBXGroup;
			children = (
				A1CB9ED71F6D668C003AB27B /* Storyboard */,
				A1CB9ECD1F6D64BD003AB27B /* GalleryItemCell */,
			);
			path = Views;
			sourceTree = "<group>";
		};
		A1CB9ED61F6D6680003AB27B /* ViewControllers */ = {
			isa = PBXGroup;
			children = (
				A1A4DEB71F6CE7800074C7EC /* OnboardingViewController.swift */,
				A1A4DEB91F6CE8FE0074C7EC /* GalleryCollectionViewController.swift */,
				A1CB9EDA1F6D6BA0003AB27B /* MyDrawingsCollectionViewController.swift */,
				A16A1B0F1F6CE443005BAE58 /* ARCanvasViewController.swift */,
				A1ECBC401F6D60A100C5C398 /* SettingsViewController.swift */,
			);
			path = ViewControllers;
			sourceTree = "<group>";
		};
		A1CB9ED71F6D668C003AB27B /* Storyboard */ = {
			isa = PBXGroup;
			children = (
				A16A1B111F6CE443005BAE58 /* Main.storyboard */,
			);
			path = Storyboard;
			sourceTree = "<group>";
		};
		A1CB9EDE1F6D6E76003AB27B /* Controller */ = {
			isa = PBXGroup;
			children = (
				A1CB9EDC1F6D6E73003AB27B /* DataController.swift */,
			);
			path = Controller;
			sourceTree = "<group>";
		};
/* End PBXGroup section */

/* Begin PBXNativeTarget section */
		A16A1B071F6CE443005BAE58 /* GraffitAR */ = {
			isa = PBXNativeTarget;
			buildConfigurationList = A16A1B1C1F6CE443005BAE58 /* Build configuration list for PBXNativeTarget "GraffitAR" */;
			buildPhases = (
				64AB552A1106685822BC394F /* [CP] Check Pods Manifest.lock */,
				A16A1B041F6CE443005BAE58 /* Sources */,
				A16A1B051F6CE443005BAE58 /* Frameworks */,
				A16A1B061F6CE443005BAE58 /* Resources */,
				8A43655D555B7F9EB815CDBE /* [CP] Embed Pods Frameworks */,
				FC4B60DC86466EDE12870A35 /* [CP] Copy Pods Resources */,
			);
			buildRules = (
			);
			dependencies = (
			);
			name = GraffitAR;
			productName = GraffitAR;
			productReference = A16A1B081F6CE443005BAE58 /* GraffitAR.app */;
			productType = "com.apple.product-type.application";
		};
/* End PBXNativeTarget section */

/* Begin PBXProject section */
		A16A1B001F6CE443005BAE58 /* Project object */ = {
			isa = PBXProject;
			attributes = {
				LastSwiftUpdateCheck = 0900;
				LastUpgradeCheck = 0900;
				ORGANIZATIONNAME = GraffitAR;
				TargetAttributes = {
					A16A1B071F6CE443005BAE58 = {
						CreatedOnToolsVersion = 9.0;
						ProvisioningStyle = Automatic;
					};
				};
			};
			buildConfigurationList = A16A1B031F6CE443005BAE58 /* Build configuration list for PBXProject "GraffitAR" */;
			compatibilityVersion = "Xcode 8.0";
			developmentRegion = en;
			hasScannedForEncodings = 0;
			knownRegions = (
				en,
				Base,
			);
			mainGroup = A16A1AFF1F6CE443005BAE58;
			productRefGroup = A16A1B091F6CE443005BAE58 /* Products */;
			projectDirPath = "";
			projectRoot = "";
			targets = (
				A16A1B071F6CE443005BAE58 /* GraffitAR */,
			);
		};
/* End PBXProject section */

/* Begin PBXResourcesBuildPhase section */
		A16A1B061F6CE443005BAE58 /* Resources */ = {
			isa = PBXResourcesBuildPhase;
			buildActionMask = 2147483647;
			files = (
				A16A1B0E1F6CE443005BAE58 /* art.scnassets in Resources */,
				A16A1B181F6CE443005BAE58 /* LaunchScreen.storyboard in Resources */,
				A1ECBC3F1F6CF03200C5C398 /* GoogleService-Info.plist in Resources */,
				A16A1B151F6CE443005BAE58 /* Assets.xcassets in Resources */,
				A16A1B131F6CE443005BAE58 /* Main.storyboard in Resources */,
				A1CB9ECC1F6D64B7003AB27B /* GalleryItemCell.xib in Resources */,
			);
			runOnlyForDeploymentPostprocessing = 0;
		};
/* End PBXResourcesBuildPhase section */

/* Begin PBXShellScriptBuildPhase section */
		64AB552A1106685822BC394F /* [CP] Check Pods Manifest.lock */ = {
			isa = PBXShellScriptBuildPhase;
			buildActionMask = 2147483647;
			files = (
			);
			inputPaths = (
				"${PODS_PODFILE_DIR_PATH}/Podfile.lock",
				"${PODS_ROOT}/Manifest.lock",
			);
			name = "[CP] Check Pods Manifest.lock";
			outputPaths = (
				"$(DERIVED_FILE_DIR)/Pods-GraffitAR-checkManifestLockResult.txt",
			);
			runOnlyForDeploymentPostprocessing = 0;
			shellPath = /bin/sh;
			shellScript = "diff \"${PODS_PODFILE_DIR_PATH}/Podfile.lock\" \"${PODS_ROOT}/Manifest.lock\" > /dev/null\nif [ $? != 0 ] ; then\n    # print error to STDERR\n    echo \"error: The sandbox is not in sync with the Podfile.lock. Run 'pod install' or update your CocoaPods installation.\" >&2\n    exit 1\nfi\n# This output is used by Xcode 'outputs' to avoid re-running this script phase.\necho \"SUCCESS\" > \"${SCRIPT_OUTPUT_FILE_0}\"\n";
			showEnvVarsInLog = 0;
		};
		8A43655D555B7F9EB815CDBE /* [CP] Embed Pods Frameworks */ = {
			isa = PBXShellScriptBuildPhase;
			buildActionMask = 2147483647;
			files = (
			);
			inputPaths = (
				"${SRCROOT}/Pods/Target Support Files/Pods-GraffitAR/Pods-GraffitAR-frameworks.sh",
				"${BUILT_PRODUCTS_DIR}/Bolts/Bolts.framework",
				"${BUILT_PRODUCTS_DIR}/FBSDKCoreKit/FBSDKCoreKit.framework",
				"${BUILT_PRODUCTS_DIR}/FBSDKLoginKit/FBSDKLoginKit.framework",
				"${BUILT_PRODUCTS_DIR}/FacebookCore/FacebookCore.framework",
				"${BUILT_PRODUCTS_DIR}/FacebookLogin/FacebookLogin.framework",
				"${BUILT_PRODUCTS_DIR}/GTMSessionFetcher/GTMSessionFetcher.framework",
				"${BUILT_PRODUCTS_DIR}/GoogleToolboxForMac/GoogleToolboxForMac.framework",
				"${BUILT_PRODUCTS_DIR}/leveldb-library/leveldb.framework",
				"${BUILT_PRODUCTS_DIR}/nanopb/nanopb.framework",
			);
			name = "[CP] Embed Pods Frameworks";
			outputPaths = (
				"${TARGET_BUILD_DIR}/${FRAMEWORKS_FOLDER_PATH}/Bolts.framework",
				"${TARGET_BUILD_DIR}/${FRAMEWORKS_FOLDER_PATH}/FBSDKCoreKit.framework",
				"${TARGET_BUILD_DIR}/${FRAMEWORKS_FOLDER_PATH}/FBSDKLoginKit.framework",
				"${TARGET_BUILD_DIR}/${FRAMEWORKS_FOLDER_PATH}/FacebookCore.framework",
				"${TARGET_BUILD_DIR}/${FRAMEWORKS_FOLDER_PATH}/FacebookLogin.framework",
				"${TARGET_BUILD_DIR}/${FRAMEWORKS_FOLDER_PATH}/GTMSessionFetcher.framework",
				"${TARGET_BUILD_DIR}/${FRAMEWORKS_FOLDER_PATH}/GoogleToolboxForMac.framework",
				"${TARGET_BUILD_DIR}/${FRAMEWORKS_FOLDER_PATH}/leveldb.framework",
				"${TARGET_BUILD_DIR}/${FRAMEWORKS_FOLDER_PATH}/nanopb.framework",
			);
			runOnlyForDeploymentPostprocessing = 0;
			shellPath = /bin/sh;
			shellScript = "\"${SRCROOT}/Pods/Target Support Files/Pods-GraffitAR/Pods-GraffitAR-frameworks.sh\"\n";
			showEnvVarsInLog = 0;
		};
		FC4B60DC86466EDE12870A35 /* [CP] Copy Pods Resources */ = {
			isa = PBXShellScriptBuildPhase;
			buildActionMask = 2147483647;
			files = (
			);
			inputPaths = (
				"${SRCROOT}/Pods/Target Support Files/Pods-GraffitAR/Pods-GraffitAR-resources.sh",
				$PODS_CONFIGURATION_BUILD_DIR/FirebaseUI/FirebaseAuthUI.bundle,
				$PODS_CONFIGURATION_BUILD_DIR/FirebaseUI/FirebaseFacebookAuthUI.bundle,
			);
			name = "[CP] Copy Pods Resources";
			outputPaths = (
				"${TARGET_BUILD_DIR}/${UNLOCALIZED_RESOURCES_FOLDER_PATH}",
			);
			runOnlyForDeploymentPostprocessing = 0;
			shellPath = /bin/sh;
			shellScript = "\"${SRCROOT}/Pods/Target Support Files/Pods-GraffitAR/Pods-GraffitAR-resources.sh\"\n";
			showEnvVarsInLog = 0;
		};
/* End PBXShellScriptBuildPhase section */

/* Begin PBXSourcesBuildPhase section */
		A16A1B041F6CE443005BAE58 /* Sources */ = {
			isa = PBXSourcesBuildPhase;
			buildActionMask = 2147483647;
			files = (
				A1B900751F6DD209005E04A7 /* Light.swift in Sources */,
				A1B900731F6DD0E1005E04A7 /* Vertex.swift in Sources */,
				A1A4DEB81F6CE7800074C7EC /* OnboardingViewController.swift in Sources */,
				A16A1B101F6CE443005BAE58 /* ARCanvasViewController.swift in Sources */,
				A1B9006C1F6DCAC8005E04A7 /* Brush.swift in Sources */,
				A16A1B0C1F6CE443005BAE58 /* AppDelegate.swift in Sources */,
				A1CB9ECB1F6D64B7003AB27B /* GalleryItemCell.swift in Sources */,
				A1CB9EDD1F6D6E73003AB27B /* DataController.swift in Sources */,
				A1B900611F6DA400005E04A7 /* SCNVector3++.swift in Sources */,
				A1ECBC411F6D60A100C5C398 /* SettingsViewController.swift in Sources */,
				A1B900701F6DCB30005E04A7 /* Shaders.metal in Sources */,
				A1CB9ED91F6D670A003AB27B /* User.swift in Sources */,
				A1CB9ED11F6D6660003AB27B /* Graffiti.swift in Sources */,
				A1B9006A1F6DCAB1005E04A7 /* BufferProvider.swift in Sources */,
				A1B9006E1F6DCADA005E04A7 /* float4x4++.swift in Sources */,
				A1A4DEBA1F6CE8FE0074C7EC /* GalleryCollectionViewController.swift in Sources */,
				A1CB9ECF1F6D65C5003AB27B /* Reusable.swift in Sources */,
				A1CB9EDB1F6D6BA0003AB27B /* MyDrawingsCollectionViewController.swift in Sources */,
			);
			runOnlyForDeploymentPostprocessing = 0;
		};
/* End PBXSourcesBuildPhase section */

/* Begin PBXVariantGroup section */
		A16A1B111F6CE443005BAE58 /* Main.storyboard */ = {
			isa = PBXVariantGroup;
			children = (
				A16A1B121F6CE443005BAE58 /* Base */,
			);
			name = Main.storyboard;
			sourceTree = "<group>";
		};
		A16A1B161F6CE443005BAE58 /* LaunchScreen.storyboard */ = {
			isa = PBXVariantGroup;
			children = (
				A16A1B171F6CE443005BAE58 /* Base */,
			);
			name = LaunchScreen.storyboard;
			sourceTree = "<group>";
		};
/* End PBXVariantGroup section */

/* Begin XCBuildConfiguration section */
		A16A1B1A1F6CE443005BAE58 /* Debug */ = {
			isa = XCBuildConfiguration;
			buildSettings = {
				ALWAYS_SEARCH_USER_PATHS = NO;
				CLANG_ANALYZER_NONNULL = YES;
				CLANG_ANALYZER_NUMBER_OBJECT_CONVERSION = YES_AGGRESSIVE;
				CLANG_CXX_LANGUAGE_STANDARD = "gnu++14";
				CLANG_CXX_LIBRARY = "libc++";
				CLANG_ENABLE_MODULES = YES;
				CLANG_ENABLE_OBJC_ARC = YES;
				CLANG_WARN_BLOCK_CAPTURE_AUTORELEASING = YES;
				CLANG_WARN_BOOL_CONVERSION = YES;
				CLANG_WARN_COMMA = YES;
				CLANG_WARN_CONSTANT_CONVERSION = YES;
				CLANG_WARN_DIRECT_OBJC_ISA_USAGE = YES_ERROR;
				CLANG_WARN_DOCUMENTATION_COMMENTS = YES;
				CLANG_WARN_EMPTY_BODY = YES;
				CLANG_WARN_ENUM_CONVERSION = YES;
				CLANG_WARN_INFINITE_RECURSION = YES;
				CLANG_WARN_INT_CONVERSION = YES;
				CLANG_WARN_NON_LITERAL_NULL_CONVERSION = YES;
				CLANG_WARN_OBJC_LITERAL_CONVERSION = YES;
				CLANG_WARN_OBJC_ROOT_CLASS = YES_ERROR;
				CLANG_WARN_RANGE_LOOP_ANALYSIS = YES;
				CLANG_WARN_STRICT_PROTOTYPES = YES;
				CLANG_WARN_SUSPICIOUS_MOVE = YES;
				CLANG_WARN_UNGUARDED_AVAILABILITY = YES_AGGRESSIVE;
				CLANG_WARN_UNREACHABLE_CODE = YES;
				CLANG_WARN__DUPLICATE_METHOD_MATCH = YES;
				CODE_SIGN_IDENTITY = "iPhone Developer";
				COPY_PHASE_STRIP = NO;
				DEBUG_INFORMATION_FORMAT = dwarf;
				ENABLE_STRICT_OBJC_MSGSEND = YES;
				ENABLE_TESTABILITY = YES;
				GCC_C_LANGUAGE_STANDARD = gnu11;
				GCC_DYNAMIC_NO_PIC = NO;
				GCC_NO_COMMON_BLOCKS = YES;
				GCC_OPTIMIZATION_LEVEL = 0;
				GCC_PREPROCESSOR_DEFINITIONS = (
					"DEBUG=1",
					"$(inherited)",
				);
				GCC_WARN_64_TO_32_BIT_CONVERSION = YES;
				GCC_WARN_ABOUT_RETURN_TYPE = YES_ERROR;
				GCC_WARN_UNDECLARED_SELECTOR = YES;
				GCC_WARN_UNINITIALIZED_AUTOS = YES_AGGRESSIVE;
				GCC_WARN_UNUSED_FUNCTION = YES;
				GCC_WARN_UNUSED_VARIABLE = YES;
				IPHONEOS_DEPLOYMENT_TARGET = 11.0;
				MTL_ENABLE_DEBUG_INFO = YES;
				ONLY_ACTIVE_ARCH = YES;
				SDKROOT = iphoneos;
				SWIFT_ACTIVE_COMPILATION_CONDITIONS = DEBUG;
				SWIFT_OPTIMIZATION_LEVEL = "-Onone";
			};
			name = Debug;
		};
		A16A1B1B1F6CE443005BAE58 /* Release */ = {
			isa = XCBuildConfiguration;
			buildSettings = {
				ALWAYS_SEARCH_USER_PATHS = NO;
				CLANG_ANALYZER_NONNULL = YES;
				CLANG_ANALYZER_NUMBER_OBJECT_CONVERSION = YES_AGGRESSIVE;
				CLANG_CXX_LANGUAGE_STANDARD = "gnu++14";
				CLANG_CXX_LIBRARY = "libc++";
				CLANG_ENABLE_MODULES = YES;
				CLANG_ENABLE_OBJC_ARC = YES;
				CLANG_WARN_BLOCK_CAPTURE_AUTORELEASING = YES;
				CLANG_WARN_BOOL_CONVERSION = YES;
				CLANG_WARN_COMMA = YES;
				CLANG_WARN_CONSTANT_CONVERSION = YES;
				CLANG_WARN_DIRECT_OBJC_ISA_USAGE = YES_ERROR;
				CLANG_WARN_DOCUMENTATION_COMMENTS = YES;
				CLANG_WARN_EMPTY_BODY = YES;
				CLANG_WARN_ENUM_CONVERSION = YES;
				CLANG_WARN_INFINITE_RECURSION = YES;
				CLANG_WARN_INT_CONVERSION = YES;
				CLANG_WARN_NON_LITERAL_NULL_CONVERSION = YES;
				CLANG_WARN_OBJC_LITERAL_CONVERSION = YES;
				CLANG_WARN_OBJC_ROOT_CLASS = YES_ERROR;
				CLANG_WARN_RANGE_LOOP_ANALYSIS = YES;
				CLANG_WARN_STRICT_PROTOTYPES = YES;
				CLANG_WARN_SUSPICIOUS_MOVE = YES;
				CLANG_WARN_UNGUARDED_AVAILABILITY = YES_AGGRESSIVE;
				CLANG_WARN_UNREACHABLE_CODE = YES;
				CLANG_WARN__DUPLICATE_METHOD_MATCH = YES;
				CODE_SIGN_IDENTITY = "iPhone Developer";
				COPY_PHASE_STRIP = NO;
				DEBUG_INFORMATION_FORMAT = "dwarf-with-dsym";
				ENABLE_NS_ASSERTIONS = NO;
				ENABLE_STRICT_OBJC_MSGSEND = YES;
				GCC_C_LANGUAGE_STANDARD = gnu11;
				GCC_NO_COMMON_BLOCKS = YES;
				GCC_WARN_64_TO_32_BIT_CONVERSION = YES;
				GCC_WARN_ABOUT_RETURN_TYPE = YES_ERROR;
				GCC_WARN_UNDECLARED_SELECTOR = YES;
				GCC_WARN_UNINITIALIZED_AUTOS = YES_AGGRESSIVE;
				GCC_WARN_UNUSED_FUNCTION = YES;
				GCC_WARN_UNUSED_VARIABLE = YES;
				IPHONEOS_DEPLOYMENT_TARGET = 11.0;
				MTL_ENABLE_DEBUG_INFO = NO;
				SDKROOT = iphoneos;
				SWIFT_OPTIMIZATION_LEVEL = "-Owholemodule";
				VALIDATE_PRODUCT = YES;
			};
			name = Release;
		};
		A16A1B1D1F6CE443005BAE58 /* Debug */ = {
			isa = XCBuildConfiguration;
			baseConfigurationReference = CB381A6E6040ED53C6689563 /* Pods-GraffitAR.debug.xcconfig */;
			buildSettings = {
				ASSETCATALOG_COMPILER_APPICON_NAME = AppIcon;
				CODE_SIGN_STYLE = Automatic;
				DEVELOPMENT_TEAM = QTNP244GYS;
				INFOPLIST_FILE = GraffitAR/Info.plist;
				LD_RUNPATH_SEARCH_PATHS = "$(inherited) @executable_path/Frameworks";
				PRODUCT_BUNDLE_IDENTIFIER = com.graffitar.GraffitAR;
				PRODUCT_NAME = "$(TARGET_NAME)";
				SWIFT_VERSION = 4.0;
				TARGETED_DEVICE_FAMILY = "1,2";
			};
			name = Debug;
		};
		A16A1B1E1F6CE443005BAE58 /* Release */ = {
			isa = XCBuildConfiguration;
			baseConfigurationReference = 4238DCF320D5A9794575DBC5 /* Pods-GraffitAR.release.xcconfig */;
			buildSettings = {
				ASSETCATALOG_COMPILER_APPICON_NAME = AppIcon;
				CODE_SIGN_STYLE = Automatic;
				DEVELOPMENT_TEAM = QTNP244GYS;
				INFOPLIST_FILE = GraffitAR/Info.plist;
				LD_RUNPATH_SEARCH_PATHS = "$(inherited) @executable_path/Frameworks";
				PRODUCT_BUNDLE_IDENTIFIER = com.graffitar.GraffitAR;
				PRODUCT_NAME = "$(TARGET_NAME)";
				SWIFT_VERSION = 4.0;
				TARGETED_DEVICE_FAMILY = "1,2";
			};
			name = Release;
		};
/* End XCBuildConfiguration section */

/* Begin XCConfigurationList section */
		A16A1B031F6CE443005BAE58 /* Build configuration list for PBXProject "GraffitAR" */ = {
			isa = XCConfigurationList;
			buildConfigurations = (
				A16A1B1A1F6CE443005BAE58 /* Debug */,
				A16A1B1B1F6CE443005BAE58 /* Release */,
			);
			defaultConfigurationIsVisible = 0;
			defaultConfigurationName = Release;
		};
		A16A1B1C1F6CE443005BAE58 /* Build configuration list for PBXNativeTarget "GraffitAR" */ = {
			isa = XCConfigurationList;
			buildConfigurations = (
				A16A1B1D1F6CE443005BAE58 /* Debug */,
				A16A1B1E1F6CE443005BAE58 /* Release */,
			);
			defaultConfigurationIsVisible = 0;
			defaultConfigurationName = Release;
		};
/* End XCConfigurationList section */
	};
	rootObject = A16A1B001F6CE443005BAE58 /* Project object */;
}
